Microsoft Visual Studio Solution File, Format Version 12.00
# Visual Studio Version 17
VisualStudioVersion = 17.5.2.0
MinimumVisualStudioVersion = 10.0.40219.1
Project("{FAE04EC0-301F-11D3-BF4B-00C04F79EFBC}") = "LifeCommits", "LifeCommits.csproj", "{1B0828D6-F927-633E-6C4D-E92243354B96}"
EndProject
Global
	GlobalSection(SolutionConfigurationPlatforms) = preSolution
		Debug|Any CPU = Debug|Any CPU
		Release|Any CPU = Release|Any CPU
	EndGlobalSection
	GlobalSection(ProjectConfigurationPlatforms) = postSolution
		{1B0828D6-F927-633E-6C4D-E92243354B96}.Debug|Any CPU.ActiveCfg = Debug|Any CPU
		{1B0828D6-F927-633E-6C4D-E92243354B96}.Debug|Any CPU.Build.0 = Debug|Any CPU
		{1B0828D6-F927-633E-6C4D-E92243354B96}.Release|Any CPU.ActiveCfg = Release|Any CPU
		{1B0828D6-F927-633E-6C4D-E92243354B96}.Release|Any CPU.Build.0 = Release|Any CPU
	EndGlobalSection
	GlobalSection(SolutionProperties) = preSolution
		HideSolutionNode = FALSE
	EndGlobalSection
	GlobalSection(ExtensibilityGlobals) = postSolution
		SolutionGuid = {F04FDDF5-8B23-4FBA-9309-02F46152F1B4}
	EndGlobalSection
EndGlobal
